
Microsoft Visual Studio Solution File, Format Version 12.00
# Visual Studio Version 17
VisualStudioVersion = 17.2.32526.322
MinimumVisualStudioVersion = 10.0.40219.1
Project("{9A19103F-16F7-4668-BE54-9A1E7A4F7556}") = "de_training", "de_training\de_training.csproj", "{7DF2427A-53FE-4A37-9628-95077F39C28E}"
EndProject
Project("{FAE04EC0-301F-11D3-BF4B-00C04F79EFBC}") = "de_training.UnitTests", "de_training.UnitTests\de_training.UnitTests.csproj", "{FF76E7B2-92FF-44A3-A1CC-C2B22D51A772}"
EndProject
Global
	GlobalSection(SolutionConfigurationPlatforms) = preSolution
		Debug|Any CPU = Debug|Any CPU
		Release|Any CPU = Release|Any CPU
	EndGlobalSection
	GlobalSection(ProjectConfigurationPlatforms) = postSolution
		{7DF2427A-53FE-4A37-9628-95077F39C28E}.Debug|Any CPU.ActiveCfg = Debug|Any CPU
		{7DF2427A-53FE-4A37-9628-95077F39C28E}.Debug|Any CPU.Build.0 = Debug|Any CPU
		{7DF2427A-53FE-4A37-9628-95077F39C28E}.Release|Any CPU.ActiveCfg = Release|Any CPU
		{7DF2427A-53FE-4A37-9628-95077F39C28E}.Release|Any CPU.Build.0 = Release|Any CPU
		{FF76E7B2-92FF-44A3-A1CC-C2B22D51A772}.Debug|Any CPU.ActiveCfg = Debug|Any CPU
		{FF76E7B2-92FF-44A3-A1CC-C2B22D51A772}.Debug|Any CPU.Build.0 = Debug|Any CPU
		{FF76E7B2-92FF-44A3-A1CC-C2B22D51A772}.Release|Any CPU.ActiveCfg = Release|Any CPU
		{FF76E7B2-92FF-44A3-A1CC-C2B22D51A772}.Release|Any CPU.Build.0 = Release|Any CPU
	EndGlobalSection
	GlobalSection(SolutionProperties) = preSolution
		HideSolutionNode = FALSE
	EndGlobalSection
	GlobalSection(ExtensibilityGlobals) = postSolution
		SolutionGuid = {989ADFBA-0C0A-4CC6-AF39-6FCF8E492C49}
	EndGlobalSection
EndGlobal
